
Microsoft Visual Studio Solution File, Format Version 12.00
# Visual Studio Version 18
VisualStudioVersion = 18.4.11626.88
MinimumVisualStudioVersion = 10.0.40219.1
Project("{FAE04EC0-301F-11D3-BF4B-00C04F79EFBC}") = "TravelGuide.API", "TravelGuide.API\TravelGuide.API.csproj", "{F492513A-2545-4653-BA1F-23B963A88357}"
EndProject
Project("{FAE04EC0-301F-11D3-BF4B-00C04F79EFBC}") = "TravelGuide.Core", "TravelGuide.Core\TravelGuide.Core.csproj", "{736BEBCA-FBDF-4976-A0DC-6E01BC6D2970}"
EndProject
Project("{FAE04EC0-301F-11D3-BF4B-00C04F79EFBC}") = "TravelGuide.AdminWeb", "TravelGuide.AdminWeb\TravelGuide.AdminWeb.csproj", "{FDF5AE17-5CDB-4391-B67D-D726EF58FE18}"
EndProject
Global
	GlobalSection(SolutionConfigurationPlatforms) = preSolution
		Debug|Any CPU = Debug|Any CPU
		Release|Any CPU = Release|Any CPU
	EndGlobalSection
	GlobalSection(ProjectConfigurationPlatforms) = postSolution
		{F492513A-2545-4653-BA1F-23B963A88357}.Debug|Any CPU.ActiveCfg = Debug|Any CPU
		{F492513A-2545-4653-BA1F-23B963A88357}.Debug|Any CPU.Build.0 = Debug|Any CPU
		{F492513A-2545-4653-BA1F-23B963A88357}.Release|Any CPU.ActiveCfg = Release|Any CPU
		{F492513A-2545-4653-BA1F-23B963A88357}.Release|Any CPU.Build.0 = Release|Any CPU
		{736BEBCA-FBDF-4976-A0DC-6E01BC6D2970}.Debug|Any CPU.ActiveCfg = Debug|Any CPU
		{736BEBCA-FBDF-4976-A0DC-6E01BC6D2970}.Debug|Any CPU.Build.0 = Debug|Any CPU
		{736BEBCA-FBDF-4976-A0DC-6E01BC6D2970}.Release|Any CPU.ActiveCfg = Release|Any CPU
		{736BEBCA-FBDF-4976-A0DC-6E01BC6D2970}.Release|Any CPU.Build.0 = Release|Any CPU
		{FDF5AE17-5CDB-4391-B67D-D726EF58FE18}.Debug|Any CPU.ActiveCfg = Debug|Any CPU
		{FDF5AE17-5CDB-4391-B67D-D726EF58FE18}.Debug|Any CPU.Build.0 = Debug|Any CPU
		{FDF5AE17-5CDB-4391-B67D-D726EF58FE18}.Release|Any CPU.ActiveCfg = Release|Any CPU
		{FDF5AE17-5CDB-4391-B67D-D726EF58FE18}.Release|Any CPU.Build.0 = Release|Any CPU
	EndGlobalSection
	GlobalSection(SolutionProperties) = preSolution
		HideSolutionNode = FALSE
	EndGlobalSection
	GlobalSection(ExtensibilityGlobals) = postSolution
		SolutionGuid = {ACBB7FA3-9F05-4BE2-917B-F97081C53B20}
	EndGlobalSection
EndGlobal
